
Microsoft Visual Studio Solution File, Format Version 12.00
# Visual Studio Version 17
VisualStudioVersion = 17.5.33516.290
MinimumVisualStudioVersion = 10.0.40219.1
Project("{FAE04EC0-301F-11D3-BF4B-00C04F79EFBC}") = "RemeSnes", "RemeSnes\RemeSnes.csproj", "{D6003125-979F-4DD2-987E-521E3B13EB0B}"
EndProject
Project("{FAE04EC0-301F-11D3-BF4B-00C04F79EFBC}") = "CoreTester", "CoreTester\CoreTester.csproj", "{DC227A2A-CB27-44DD-A29A-BD34D6B243D7}"
EndProject
Project("{FAE04EC0-301F-11D3-BF4B-00C04F79EFBC}") = "Utils", "Utils\Utils.csproj", "{437AA8D7-DC54-4D9E-9DCC-3D4C93D03057}"
EndProject
Global
	GlobalSection(SolutionConfigurationPlatforms) = preSolution
		Debug|Any CPU = Debug|Any CPU
		Release|Any CPU = Release|Any CPU
	EndGlobalSection
	GlobalSection(ProjectConfigurationPlatforms) = postSolution
		{D6003125-979F-4DD2-987E-521E3B13EB0B}.Debug|Any CPU.ActiveCfg = Debug|Any CPU
		{D6003125-979F-4DD2-987E-521E3B13EB0B}.Debug|Any CPU.Build.0 = Debug|Any CPU
		{D6003125-979F-4DD2-987E-521E3B13EB0B}.Release|Any CPU.ActiveCfg = Release|Any CPU
		{D6003125-979F-4DD2-987E-521E3B13EB0B}.Release|Any CPU.Build.0 = Release|Any CPU
		{DC227A2A-CB27-44DD-A29A-BD34D6B243D7}.Debug|Any CPU.ActiveCfg = Debug|Any CPU
		{DC227A2A-CB27-44DD-A29A-BD34D6B243D7}.Debug|Any CPU.Build.0 = Debug|Any CPU
		{DC227A2A-CB27-44DD-A29A-BD34D6B243D7}.Release|Any CPU.ActiveCfg = Release|Any CPU
		{DC227A2A-CB27-44DD-A29A-BD34D6B243D7}.Release|Any CPU.Build.0 = Release|Any CPU
		{437AA8D7-DC54-4D9E-9DCC-3D4C93D03057}.Debug|Any CPU.ActiveCfg = Debug|Any CPU
		{437AA8D7-DC54-4D9E-9DCC-3D4C93D03057}.Debug|Any CPU.Build.0 = Debug|Any CPU
		{437AA8D7-DC54-4D9E-9DCC-3D4C93D03057}.Release|Any CPU.ActiveCfg = Release|Any CPU
		{437AA8D7-DC54-4D9E-9DCC-3D4C93D03057}.Release|Any CPU.Build.0 = Release|Any CPU
	EndGlobalSection
	GlobalSection(SolutionProperties) = preSolution
		HideSolutionNode = FALSE
	EndGlobalSection
	GlobalSection(ExtensibilityGlobals) = postSolution
		SolutionGuid = {9E57E92F-6CA3-4096-B919-AB7DCD760E3D}
	EndGlobalSection
EndGlobal
